
Microsoft Visual Studio Solution File, Format Version 12.00
# Visual Studio Version 17
VisualStudioVersion = 17.9.34607.119
MinimumVisualStudioVersion = 10.0.40219.1
Project("{FAE04EC0-301F-11D3-BF4B-00C04F79EFBC}") = "AppAPI", "AppAPI\AppAPI.csproj", "{FB6385FB-8EE3-4853-B6C1-AEC80A8867A5}"
EndProject
Project("{FAE04EC0-301F-11D3-BF4B-00C04F79EFBC}") = "AppData", "AppData\AppData.csproj", "{E67C84BD-82F6-4F66-BE74-48C78F2F92EF}"
EndProject
Project("{FAE04EC0-301F-11D3-BF4B-00C04F79EFBC}") = "AppView", "AppView\AppView.csproj", "{BA31E30A-5E2B-4877-8070-919DCF27EE4C}"
EndProject
Global
	GlobalSection(SolutionConfigurationPlatforms) = preSolution
		Debug|Any CPU = Debug|Any CPU
		Release|Any CPU = Release|Any CPU
	EndGlobalSection
	GlobalSection(ProjectConfigurationPlatforms) = postSolution
		{FB6385FB-8EE3-4853-B6C1-AEC80A8867A5}.Debug|Any CPU.ActiveCfg = Debug|Any CPU
		{FB6385FB-8EE3-4853-B6C1-AEC80A8867A5}.Debug|Any CPU.Build.0 = Debug|Any CPU
		{FB6385FB-8EE3-4853-B6C1-AEC80A8867A5}.Release|Any CPU.ActiveCfg = Release|Any CPU
		{FB6385FB-8EE3-4853-B6C1-AEC80A8867A5}.Release|Any CPU.Build.0 = Release|Any CPU
		{E67C84BD-82F6-4F66-BE74-48C78F2F92EF}.Debug|Any CPU.ActiveCfg = Debug|Any CPU
		{E67C84BD-82F6-4F66-BE74-48C78F2F92EF}.Debug|Any CPU.Build.0 = Debug|Any CPU
		{E67C84BD-82F6-4F66-BE74-48C78F2F92EF}.Release|Any CPU.ActiveCfg = Release|Any CPU
		{E67C84BD-82F6-4F66-BE74-48C78F2F92EF}.Release|Any CPU.Build.0 = Release|Any CPU
		{BA31E30A-5E2B-4877-8070-919DCF27EE4C}.Debug|Any CPU.ActiveCfg = Debug|Any CPU
		{BA31E30A-5E2B-4877-8070-919DCF27EE4C}.Debug|Any CPU.Build.0 = Debug|Any CPU
		{BA31E30A-5E2B-4877-8070-919DCF27EE4C}.Release|Any CPU.ActiveCfg = Release|Any CPU
		{BA31E30A-5E2B-4877-8070-919DCF27EE4C}.Release|Any CPU.Build.0 = Release|Any CPU
	EndGlobalSection
	GlobalSection(SolutionProperties) = preSolution
		HideSolutionNode = FALSE
	EndGlobalSection
	GlobalSection(ExtensibilityGlobals) = postSolution
		SolutionGuid = {812A83AF-12FB-46E5-BA7A-D6669BA0EC41}
	EndGlobalSection
EndGlobal
